
Microsoft Visual Studio Solution File, Format Version 12.00
# Visual Studio Version 16
VisualStudioVersion = 16.0.29806.167
MinimumVisualStudioVersion = 10.0.40219.1
Project("{9A19103F-16F7-4668-BE54-9A1E7A4F7556}") = "funcional-health", "funcional-health\funcional-health.csproj", "{B57CF188-7098-4FAE-A289-1FE7EF6A15EA}"
EndProject
Project("{9A19103F-16F7-4668-BE54-9A1E7A4F7556}") = "funcional-health.UnitTests", "funcional-health.UnitTests\funcional-health.UnitTests.csproj", "{8779C9BB-3924-47B5-B3AB-0FFE2B12C57F}"
EndProject
Global
	GlobalSection(SolutionConfigurationPlatforms) = preSolution
		Debug|Any CPU = Debug|Any CPU
		Release|Any CPU = Release|Any CPU
	EndGlobalSection
	GlobalSection(ProjectConfigurationPlatforms) = postSolution
		{B57CF188-7098-4FAE-A289-1FE7EF6A15EA}.Debug|Any CPU.ActiveCfg = Debug|Any CPU
		{B57CF188-7098-4FAE-A289-1FE7EF6A15EA}.Debug|Any CPU.Build.0 = Debug|Any CPU
		{B57CF188-7098-4FAE-A289-1FE7EF6A15EA}.Release|Any CPU.ActiveCfg = Release|Any CPU
		{B57CF188-7098-4FAE-A289-1FE7EF6A15EA}.Release|Any CPU.Build.0 = Release|Any CPU
		{8779C9BB-3924-47B5-B3AB-0FFE2B12C57F}.Debug|Any CPU.ActiveCfg = Debug|Any CPU
		{8779C9BB-3924-47B5-B3AB-0FFE2B12C57F}.Debug|Any CPU.Build.0 = Debug|Any CPU
		{8779C9BB-3924-47B5-B3AB-0FFE2B12C57F}.Release|Any CPU.ActiveCfg = Release|Any CPU
		{8779C9BB-3924-47B5-B3AB-0FFE2B12C57F}.Release|Any CPU.Build.0 = Release|Any CPU
	EndGlobalSection
	GlobalSection(SolutionProperties) = preSolution
		HideSolutionNode = FALSE
	EndGlobalSection
	GlobalSection(ExtensibilityGlobals) = postSolution
		SolutionGuid = {25BCFC43-60FC-4A70-A126-C71D7EC3B932}
	EndGlobalSection
EndGlobal
